
Microsoft Visual Studio Solution File, Format Version 12.00
# Visual Studio Version 16
VisualStudioVersion = 16.0.30523.141
MinimumVisualStudioVersion = 10.0.40219.1
Project("{FAE04EC0-301F-11D3-BF4B-00C04F79EFBC}") = "DeviceDemo", "DeviceDemo\DeviceDemo.csproj", "{7341E8C0-6334-4CB6-8679-07C0DF3BBFAD}"
EndProject
Project("{FAE04EC0-301F-11D3-BF4B-00C04F79EFBC}") = "MvcEngine", "..\MvcEngine\MvcEngine.csproj", "{E9DD77AF-8F66-4C2E-AFF3-6B1FECD2CE0D}"
EndProject
Project("{FAE04EC0-301F-11D3-BF4B-00C04F79EFBC}") = "VstJson", "..\VstJson\VstJson\VstJson.csproj", "{D1FED0F1-1F3C-4ADF-86FC-3DE6530989A0}"
EndProject
Global
	GlobalSection(SolutionConfigurationPlatforms) = preSolution
		Debug|Any CPU = Debug|Any CPU
		Release|Any CPU = Release|Any CPU
	EndGlobalSection
	GlobalSection(ProjectConfigurationPlatforms) = postSolution
		{7341E8C0-6334-4CB6-8679-07C0DF3BBFAD}.Debug|Any CPU.ActiveCfg = Debug|Any CPU
		{7341E8C0-6334-4CB6-8679-07C0DF3BBFAD}.Debug|Any CPU.Build.0 = Debug|Any CPU
		{7341E8C0-6334-4CB6-8679-07C0DF3BBFAD}.Release|Any CPU.ActiveCfg = Release|Any CPU
		{7341E8C0-6334-4CB6-8679-07C0DF3BBFAD}.Release|Any CPU.Build.0 = Release|Any CPU
		{E9DD77AF-8F66-4C2E-AFF3-6B1FECD2CE0D}.Debug|Any CPU.ActiveCfg = Debug|Any CPU
		{E9DD77AF-8F66-4C2E-AFF3-6B1FECD2CE0D}.Debug|Any CPU.Build.0 = Debug|Any CPU
		{E9DD77AF-8F66-4C2E-AFF3-6B1FECD2CE0D}.Release|Any CPU.ActiveCfg = Release|Any CPU
		{E9DD77AF-8F66-4C2E-AFF3-6B1FECD2CE0D}.Release|Any CPU.Build.0 = Release|Any CPU
		{D1FED0F1-1F3C-4ADF-86FC-3DE6530989A0}.Debug|Any CPU.ActiveCfg = Debug|Any CPU
		{D1FED0F1-1F3C-4ADF-86FC-3DE6530989A0}.Debug|Any CPU.Build.0 = Debug|Any CPU
		{D1FED0F1-1F3C-4ADF-86FC-3DE6530989A0}.Release|Any CPU.ActiveCfg = Release|Any CPU
		{D1FED0F1-1F3C-4ADF-86FC-3DE6530989A0}.Release|Any CPU.Build.0 = Release|Any CPU
	EndGlobalSection
	GlobalSection(SolutionProperties) = preSolution
		HideSolutionNode = FALSE
	EndGlobalSection
	GlobalSection(ExtensibilityGlobals) = postSolution
		SolutionGuid = {A50A00CA-E6EB-4E44-B6B1-44EC3C97575C}
	EndGlobalSection
EndGlobal
