
Microsoft Visual Studio Solution File, Format Version 12.00
# Visual Studio 15
VisualStudioVersion = 15.0.28307.852
MinimumVisualStudioVersion = 10.0.40219.1
Project("{FAE04EC0-301F-11D3-BF4B-00C04F79EFBC}") = "VstJson", "VstJson\VstJson.csproj", "{D1FED0F1-1F3C-4ADF-86FC-3DE6530989A0}"
EndProject
Global
	GlobalSection(SolutionConfigurationPlatforms) = preSolution
		Debug|Any CPU = Debug|Any CPU
		Release|Any CPU = Release|Any CPU
	EndGlobalSection
	GlobalSection(ProjectConfigurationPlatforms) = postSolution
		{D1FED0F1-1F3C-4ADF-86FC-3DE6530989A0}.Debug|Any CPU.ActiveCfg = Debug|Any CPU
		{D1FED0F1-1F3C-4ADF-86FC-3DE6530989A0}.Debug|Any CPU.Build.0 = Debug|Any CPU
		{D1FED0F1-1F3C-4ADF-86FC-3DE6530989A0}.Release|Any CPU.ActiveCfg = Release|Any CPU
		{D1FED0F1-1F3C-4ADF-86FC-3DE6530989A0}.Release|Any CPU.Build.0 = Release|Any CPU
	EndGlobalSection
	GlobalSection(SolutionProperties) = preSolution
		HideSolutionNode = FALSE
	EndGlobalSection
	GlobalSection(ExtensibilityGlobals) = postSolution
		SolutionGuid = {2D417C48-3FB2-4A07-A70D-2EE3345C2060}
	EndGlobalSection
EndGlobal
